// !$*UTF8*$!
{
	archiveVersion = 1;
	classes = {
	};
	objectVersion = 55;
	objects = {

/* Begin PBXBuildFile section */
		7172E03C27A30E970087A359 /* MotionSensor.swift in Sources */ = {isa = PBXBuildFile; fileRef = 7172E03B27A30E970087A359 /* MotionSensor.swift */; };
		7172E03E27A30EB10087A359 /* JsonContents.swift in Sources */ = {isa = PBXBuildFile; fileRef = 7172E03D27A30EB10087A359 /* JsonContents.swift */; };
		7172E04027A30ED30087A359 /* Process.swift in Sources */ = {isa = PBXBuildFile; fileRef = 7172E03F27A30ED30087A359 /* Process.swift */; };
		7172E04227A30F3E0087A359 /* abc.mlpackage in Sources */ = {isa = PBXBuildFile; fileRef = 7172E04127A30F3E0087A359 /* abc.mlpackage */; };
		71AE04C027A279B500B7D235 /* abc_iosApp.swift in Sources */ = {isa = PBXBuildFile; fileRef = 71AE04BF27A279B500B7D235 /* abc_iosApp.swift */; };
		71AE04C227A279B500B7D235 /* ContentView.swift in Sources */ = {isa = PBXBuildFile; fileRef = 71AE04C127A279B500B7D235 /* ContentView.swift */; };
		71AE04C427A279B700B7D235 /* Assets.xcassets in Resources */ = {isa = PBXBuildFile; fileRef = 71AE04C327A279B700B7D235 /* Assets.xcassets */; };
		71AE04C727A279B700B7D235 /* Preview Assets.xcassets in Resources */ = {isa = PBXBuildFile; fileRef = 71AE04C627A279B700B7D235 /* Preview Assets.xcassets */; };
		71AE04D727A27CF000B7D235 /* function.swift in Sources */ = {isa = PBXBuildFile; fileRef = 71AE04D627A27CF000B7D235 /* function.swift */; };
/* End PBXBuildFile section */

/* Begin PBXFileReference section */
		7172E03B27A30E970087A359 /* MotionSensor.swift */ = {isa = PBXFileReference; lastKnownFileType = sourcecode.swift; path = MotionSensor.swift; sourceTree = "<group>"; };
		7172E03D27A30EB10087A359 /* JsonContents.swift */ = {isa = PBXFileReference; lastKnownFileType = sourcecode.swift; path = JsonContents.swift; sourceTree = "<group>"; };
		7172E03F27A30ED30087A359 /* Process.swift */ = {isa = PBXFileReference; lastKnownFileType = sourcecode.swift; path = Process.swift; sourceTree = "<group>"; };
		7172E04127A30F3E0087A359 /* abc.mlpackage */ = {isa = PBXFileReference; lastKnownFileType = folder.mlpackage; path = abc.mlpackage; sourceTree = "<group>"; };
		71AE04BC27A279B500B7D235 /* abc_ios.app */ = {isa = PBXFileReference; explicitFileType = wrapper.application; includeInIndex = 0; path = abc_ios.app; sourceTree = BUILT_PRODUCTS_DIR; };
		71AE04BF27A279B500B7D235 /* abc_iosApp.swift */ = {isa = PBXFileReference; lastKnownFileType = sourcecode.swift; path = abc_iosApp.swift; sourceTree = "<group>"; };
		71AE04C127A279B500B7D235 /* ContentView.swift */ = {isa = PBXFileReference; lastKnownFileType = sourcecode.swift; path = ContentView.swift; sourceTree = "<group>"; };
		71AE04C327A279B700B7D235 /* Assets.xcassets */ = {isa = PBXFileReference; lastKnownFileType = folder.assetcatalog; path = Assets.xcassets; sourceTree = "<group>"; };
		71AE04C627A279B700B7D235 /* Preview Assets.xcassets */ = {isa = PBXFileReference; lastKnownFileType = folder.assetcatalog; path = "Preview Assets.xcassets"; sourceTree = "<group>"; };
		71AE04D527A27A7700B7D235 /* abc-project-app-Info.plist */ = {isa = PBXFileReference; lastKnownFileType = text.plist; path = "abc-project-app-Info.plist"; sourceTree = SOURCE_ROOT; };
		71AE04D627A27CF000B7D235 /* function.swift */ = {isa = PBXFileReference; lastKnownFileType = sourcecode.swift; path = function.swift; sourceTree = "<group>"; };
/* End PBXFileReference section */

/* Begin PBXFrameworksBuildPhase section */
		71AE04B927A279B500B7D235 /* Frameworks */ = {
			isa = PBXFrameworksBuildPhase;
			buildActionMask = 2147483647;
			files = (
			);
			runOnlyForDeploymentPostprocessing = 0;
		};
/* End PBXFrameworksBuildPhase section */

/* Begin PBXGroup section */
		71AE04B327A279B500B7D235 = {
			isa = PBXGroup;
			children = (
				71AE04BE27A279B500B7D235 /* abc_ios */,
				71AE04BD27A279B500B7D235 /* Products */,
			);
			sourceTree = "<group>";
		};
		71AE04BD27A279B500B7D235 /* Products */ = {
			isa = PBXGroup;
			children = (
				71AE04BC27A279B500B7D235 /* abc_ios.app */,
			);
			name = Products;
			sourceTree = "<group>";
		};
		71AE04BE27A279B500B7D235 /* abc_ios */ = {
			isa = PBXGroup;
			children = (
				7172E04127A30F3E0087A359 /* abc.mlpackage */,
				71AE04D527A27A7700B7D235 /* abc-project-app-Info.plist */,
				71AE04BF27A279B500B7D235 /* abc_iosApp.swift */,
				71AE04C127A279B500B7D235 /* ContentView.swift */,
				71AE04D627A27CF000B7D235 /* function.swift */,
				71AE04C327A279B700B7D235 /* Assets.xcassets */,
				71AE04C527A279B700B7D235 /* Preview Content */,
				7172E03B27A30E970087A359 /* MotionSensor.swift */,
				7172E03D27A30EB10087A359 /* JsonContents.swift */,
				7172E03F27A30ED30087A359 /* Process.swift */,
			);
			path = abc_ios;
			sourceTree = "<group>";
		};
		71AE04C527A279B700B7D235 /* Preview Content */ = {
			isa = PBXGroup;
			children = (
				71AE04C627A279B700B7D235 /* Preview Assets.xcassets */,
			);
			path = "Preview Content";
			sourceTree = "<group>";
		};
/* End PBXGroup section */

/* Begin PBXNativeTarget section */
		71AE04BB27A279B500B7D235 /* abc_ios */ = {
			isa = PBXNativeTarget;
			buildConfigurationList = 71AE04CA27A279B700B7D235 /* Build configuration list for PBXNativeTarget "abc_ios" */;
			buildPhases = (
				71AE04B827A279B500B7D235 /* Sources */,
				71AE04B927A279B500B7D235 /* Frameworks */,
				71AE04BA27A279B500B7D235 /* Resources */,
			);
			buildRules = (
			);
			dependencies = (
			);
			name = abc_ios;
			productName = abc_project_app;
			productReference = 71AE04BC27A279B500B7D235 /* abc_ios.app */;
			productType = "com.apple.product-type.application";
		};
/* End PBXNativeTarget section */

/* Begin PBXProject section */
		71AE04B427A279B500B7D235 /* Project object */ = {
			isa = PBXProject;
			attributes = {
				BuildIndependentTargetsInParallel = 1;
				LastSwiftUpdateCheck = 1320;
				LastUpgradeCheck = 1320;
				TargetAttributes = {
					71AE04BB27A279B500B7D235 = {
						CreatedOnToolsVersion = 13.2.1;
					};
				};
			};
			buildConfigurationList = 71AE04B727A279B500B7D235 /* Build configuration list for PBXProject "abc_ios" */;
			compatibilityVersion = "Xcode 13.0";
			developmentRegion = en;
			hasScannedForEncodings = 0;
			knownRegions = (
				en,
				Base,
			);
			mainGroup = 71AE04B327A279B500B7D235;
			productRefGroup = 71AE04BD27A279B500B7D235 /* Products */;
			projectDirPath = "";
			projectRoot = "";
			targets = (
				71AE04BB27A279B500B7D235 /* abc_ios */,
			);
		};
/* End PBXProject section */

/* Begin PBXResourcesBuildPhase section */
		71AE04BA27A279B500B7D235 /* Resources */ = {
			isa = PBXResourcesBuildPhase;
			buildActionMask = 2147483647;
			files = (
				71AE04C727A279B700B7D235 /* Preview Assets.xcassets in Resources */,
				71AE04C427A279B700B7D235 /* Assets.xcassets in Resources */,
			);
			runOnlyForDeploymentPostprocessing = 0;
		};
/* End PBXResourcesBuildPhase section */

/* Begin PBXSourcesBuildPhase section */
		71AE04B827A279B500B7D235 /* Sources */ = {
			isa = PBXSourcesBuildPhase;
			buildActionMask = 2147483647;
			files = (
				71AE04C227A279B500B7D235 /* ContentView.swift in Sources */,
				7172E04027A30ED30087A359 /* Process.swift in Sources */,
				71AE04C027A279B500B7D235 /* abc_iosApp.swift in Sources */,
				7172E03E27A30EB10087A359 /* JsonContents.swift in Sources */,
				71AE04D727A27CF000B7D235 /* function.swift in Sources */,
				7172E03C27A30E970087A359 /* MotionSensor.swift in Sources */,
				7172E04227A30F3E0087A359 /* abc.mlpackage in Sources */,
			);
			runOnlyForDeploymentPostprocessing = 0;
		};
/* End PBXSourcesBuildPhase section */

/* Begin XCBuildConfiguration section */
		71AE04C827A279B700B7D235 /* Debug */ = {
			isa = XCBuildConfiguration;
			buildSettings = {
				ALWAYS_SEARCH_USER_PATHS = NO;
				CLANG_ANALYZER_NONNULL = YES;
				CLANG_ANALYZER_NUMBER_OBJECT_CONVERSION = YES_AGGRESSIVE;
				CLANG_CXX_LANGUAGE_STANDARD = "gnu++17";
				CLANG_CXX_LIBRARY = "libc++";
				CLANG_ENABLE_MODULES = YES;
				CLANG_ENABLE_OBJC_ARC = YES;
				CLANG_ENABLE_OBJC_WEAK = YES;
				CLANG_WARN_BLOCK_CAPTURE_AUTORELEASING = YES;
				CLANG_WARN_BOOL_CONVERSION = YES;
				CLANG_WARN_COMMA = YES;
				CLANG_WARN_CONSTANT_CONVERSION = YES;
				CLANG_WARN_DEPRECATED_OBJC_IMPLEMENTATIONS = YES;
				CLANG_WARN_DIRECT_OBJC_ISA_USAGE = YES_ERROR;
				CLANG_WARN_DOCUMENTATION_COMMENTS = YES;
				CLANG_WARN_EMPTY_BODY = YES;
				CLANG_WARN_ENUM_CONVERSION = YES;
				CLANG_WARN_INFINITE_RECURSION = YES;
				CLANG_WARN_INT_CONVERSION = YES;
				CLANG_WARN_NON_LITERAL_NULL_CONVERSION = YES;
				CLANG_WARN_OBJC_IMPLICIT_RETAIN_SELF = YES;
				CLANG_WARN_OBJC_LITERAL_CONVERSION = YES;
				CLANG_WARN_OBJC_ROOT_CLASS = YES_ERROR;
				CLANG_WARN_QUOTED_INCLUDE_IN_FRAMEWORK_HEADER = YES;
				CLANG_WARN_RANGE_LOOP_ANALYSIS = YES;
				CLANG_WARN_STRICT_PROTOTYPES = YES;
				CLANG_WARN_SUSPICIOUS_MOVE = YES;
				CLANG_WARN_UNGUARDED_AVAILABILITY = YES_AGGRESSIVE;
				CLANG_WARN_UNREACHABLE_CODE = YES;
				CLANG_WARN__DUPLICATE_METHOD_MATCH = YES;
				COPY_PHASE_STRIP = NO;
				DEBUG_INFORMATION_FORMAT = dwarf;
				ENABLE_STRICT_OBJC_MSGSEND = YES;
				ENABLE_TESTABILITY = YES;
				GCC_C_LANGUAGE_STANDARD = gnu11;
				GCC_DYNAMIC_NO_PIC = NO;
				GCC_NO_COMMON_BLOCKS = YES;
				GCC_OPTIMIZATION_LEVEL = 0;
				GCC_PREPROCESSOR_DEFINITIONS = (
					"DEBUG=1",
					"$(inherited)",
				);
				GCC_WARN_64_TO_32_BIT_CONVERSION = YES;
				GCC_WARN_ABOUT_RETURN_TYPE = YES_ERROR;
				GCC_WARN_UNDECLARED_SELECTOR = YES;
				GCC_WARN_UNINITIALIZED_AUTOS = YES_AGGRESSIVE;
				GCC_WARN_UNUSED_FUNCTION = YES;
				GCC_WARN_UNUSED_VARIABLE = YES;
				IPHONEOS_DEPLOYMENT_TARGET = 15.2;
				MTL_ENABLE_DEBUG_INFO = INCLUDE_SOURCE;
				MTL_FAST_MATH = YES;
				ONLY_ACTIVE_ARCH = YES;
				SDKROOT = iphoneos;
				SWIFT_ACTIVE_COMPILATION_CONDITIONS = DEBUG;
				SWIFT_OPTIMIZATION_LEVEL = "-Onone";
			};
			name = Debug;
		};
		71AE04C927A279B700B7D235 /* Release */ = {
			isa = XCBuildConfiguration;
			buildSettings = {
				ALWAYS_SEARCH_USER_PATHS = NO;
				CLANG_ANALYZER_NONNULL = YES;
				CLANG_ANALYZER_NUMBER_OBJECT_CONVERSION = YES_AGGRESSIVE;
				CLANG_CXX_LANGUAGE_STANDARD = "gnu++17";
				CLANG_CXX_LIBRARY = "libc++";
				CLANG_ENABLE_MODULES = YES;
				CLANG_ENABLE_OBJC_ARC = YES;
				CLANG_ENABLE_OBJC_WEAK = YES;
				CLANG_WARN_BLOCK_CAPTURE_AUTORELEASING = YES;
				CLANG_WARN_BOOL_CONVERSION = YES;
				CLANG_WARN_COMMA = YES;
				CLANG_WARN_CONSTANT_CONVERSION = YES;
				CLANG_WARN_DEPRECATED_OBJC_IMPLEMENTATIONS = YES;
				CLANG_WARN_DIRECT_OBJC_ISA_USAGE = YES_ERROR;
				CLANG_WARN_DOCUMENTATION_COMMENTS = YES;
				CLANG_WARN_EMPTY_BODY = YES;
				CLANG_WARN_ENUM_CONVERSION = YES;
				CLANG_WARN_INFINITE_RECURSION = YES;
				CLANG_WARN_INT_CONVERSION = YES;
				CLANG_WARN_NON_LITERAL_NULL_CONVERSION = YES;
				CLANG_WARN_OBJC_IMPLICIT_RETAIN_SELF = YES;
				CLANG_WARN_OBJC_LITERAL_CONVERSION = YES;
				CLANG_WARN_OBJC_ROOT_CLASS = YES_ERROR;
				CLANG_WARN_QUOTED_INCLUDE_IN_FRAMEWORK_HEADER = YES;
				CLANG_WARN_RANGE_LOOP_ANALYSIS = YES;
				CLANG_WARN_STRICT_PROTOTYPES = YES;
				CLANG_WARN_SUSPICIOUS_MOVE = YES;
				CLANG_WARN_UNGUARDED_AVAILABILITY = YES_AGGRESSIVE;
				CLANG_WARN_UNREACHABLE_CODE = YES;
				CLANG_WARN__DUPLICATE_METHOD_MATCH = YES;
				COPY_PHASE_STRIP = NO;
				DEBUG_INFORMATION_FORMAT = "dwarf-with-dsym";
				ENABLE_NS_ASSERTIONS = NO;
				ENABLE_STRICT_OBJC_MSGSEND = YES;
				GCC_C_LANGUAGE_STANDARD = gnu11;
				GCC_NO_COMMON_BLOCKS = YES;
				GCC_WARN_64_TO_32_BIT_CONVERSION = YES;
				GCC_WARN_ABOUT_RETURN_TYPE = YES_ERROR;
				GCC_WARN_UNDECLARED_SELECTOR = YES;
				GCC_WARN_UNINITIALIZED_AUTOS = YES_AGGRESSIVE;
				GCC_WARN_UNUSED_FUNCTION = YES;
				GCC_WARN_UNUSED_VARIABLE = YES;
				IPHONEOS_DEPLOYMENT_TARGET = 15.2;
				MTL_ENABLE_DEBUG_INFO = NO;
				MTL_FAST_MATH = YES;
				SDKROOT = iphoneos;
				SWIFT_COMPILATION_MODE = wholemodule;
				SWIFT_OPTIMIZATION_LEVEL = "-O";
				VALIDATE_PRODUCT = YES;
			};
			name = Release;
		};
		71AE04CB27A279B700B7D235 /* Debug */ = {
			isa = XCBuildConfiguration;
			buildSettings = {
				ASSETCATALOG_COMPILER_APPICON_NAME = AppIcon;
				ASSETCATALOG_COMPILER_GLOBAL_ACCENT_COLOR_NAME = AccentColor;
				CODE_SIGN_STYLE = Automatic;
				CURRENT_PROJECT_VERSION = 1;
				DEVELOPMENT_ASSET_PATHS = "\"abc_ios/Preview Content\"";
				DEVELOPMENT_TEAM = 8Z9Z8GXMPJ;
				ENABLE_PREVIEWS = YES;
				GENERATE_INFOPLIST_FILE = YES;
				INFOPLIST_FILE = "abc-project-app-Info.plist";
				INFOPLIST_KEY_UIApplicationSceneManifest_Generation = YES;
				INFOPLIST_KEY_UIApplicationSupportsIndirectInputEvents = YES;
				INFOPLIST_KEY_UILaunchScreen_Generation = YES;
				INFOPLIST_KEY_UISupportedInterfaceOrientations_iPad = "UIInterfaceOrientationPortrait UIInterfaceOrientationPortraitUpsideDown UIInterfaceOrientationLandscapeLeft UIInterfaceOrientationLandscapeRight";
				INFOPLIST_KEY_UISupportedInterfaceOrientations_iPhone = "UIInterfaceOrientationPortrait UIInterfaceOrientationLandscapeLeft UIInterfaceOrientationLandscapeRight";
				LD_RUNPATH_SEARCH_PATHS = (
					"$(inherited)",
					"@executable_path/Frameworks",
				);
				MARKETING_VERSION = 1.0;
				PRODUCT_BUNDLE_IDENTIFIER = "gen.lab.abc-project-app";
				PRODUCT_NAME = "$(TARGET_NAME)";
				SWIFT_EMIT_LOC_STRINGS = YES;
				SWIFT_VERSION = 5.0;
				TARGETED_DEVICE_FAMILY = "1,2";
			};
			name = Debug;
		};
		71AE04CC27A279B700B7D235 /* Release */ = {
			isa = XCBuildConfiguration;
			buildSettings = {
				ASSETCATALOG_COMPILER_APPICON_NAME = AppIcon;
				ASSETCATALOG_COMPILER_GLOBAL_ACCENT_COLOR_NAME = AccentColor;
				CODE_SIGN_STYLE = Automatic;
				CURRENT_PROJECT_VERSION = 1;
				DEVELOPMENT_ASSET_PATHS = "\"abc_ios/Preview Content\"";
				DEVELOPMENT_TEAM = 8Z9Z8GXMPJ;
				ENABLE_PREVIEWS = YES;
				GENERATE_INFOPLIST_FILE = YES;
				INFOPLIST_FILE = "abc-project-app-Info.plist";
				INFOPLIST_KEY_UIApplicationSceneManifest_Generation = YES;
				INFOPLIST_KEY_UIApplicationSupportsIndirectInputEvents = YES;
				INFOPLIST_KEY_UILaunchScreen_Generation = YES;
				INFOPLIST_KEY_UISupportedInterfaceOrientations_iPad = "UIInterfaceOrientationPortrait UIInterfaceOrientationPortraitUpsideDown UIInterfaceOrientationLandscapeLeft UIInterfaceOrientationLandscapeRight";
				INFOPLIST_KEY_UISupportedInterfaceOrientations_iPhone = "UIInterfaceOrientationPortrait UIInterfaceOrientationLandscapeLeft UIInterfaceOrientationLandscapeRight";
				LD_RUNPATH_SEARCH_PATHS = (
					"$(inherited)",
					"@executable_path/Frameworks",
				);
				MARKETING_VERSION = 1.0;
				PRODUCT_BUNDLE_IDENTIFIER = "gen.lab.abc-project-app";
				PRODUCT_NAME = "$(TARGET_NAME)";
				SWIFT_EMIT_LOC_STRINGS = YES;
				SWIFT_VERSION = 5.0;
				TARGETED_DEVICE_FAMILY = "1,2";
			};
			name = Release;
		};
/* End XCBuildConfiguration section */

/* Begin XCConfigurationList section */
		71AE04B727A279B500B7D235 /* Build configuration list for PBXProject "abc_ios" */ = {
			isa = XCConfigurationList;
			buildConfigurations = (
				71AE04C827A279B700B7D235 /* Debug */,
				71AE04C927A279B700B7D235 /* Release */,
			);
			defaultConfigurationIsVisible = 0;
			defaultConfigurationName = Release;
		};
		71AE04CA27A279B700B7D235 /* Build configuration list for PBXNativeTarget "abc_ios" */ = {
			isa = XCConfigurationList;
			buildConfigurations = (
				71AE04CB27A279B700B7D235 /* Debug */,
				71AE04CC27A279B700B7D235 /* Release */,
			);
			defaultConfigurationIsVisible = 0;
			defaultConfigurationName = Release;
		};
/* End XCConfigurationList section */
	};
	rootObject = 71AE04B427A279B500B7D235 /* Project object */;
}
